
Microsoft Visual Studio Solution File, Format Version 12.00
# Visual Studio Version 16
VisualStudioVersion = 16.0.29102.190
MinimumVisualStudioVersion = 10.0.40219.1
Project("{9A19103F-16F7-4668-BE54-9A1E7A4F7556}") = "LibraryWebAPI", "LibraryWebAPI\LibraryWebAPI.csproj", "{900CCF2A-BD9B-470E-9D4C-B28F0F165EC2}"
EndProject
Project("{9A19103F-16F7-4668-BE54-9A1E7A4F7556}") = "LibraryWebAPI.Core", "LibraryWebAPI.Core\LibraryWebAPI.Core.csproj", "{135B2E73-53E0-43FD-80F8-0ED8156B665C}"
EndProject
Project("{9A19103F-16F7-4668-BE54-9A1E7A4F7556}") = "LibraryWebAPI.Store", "LibraryWebAPI.Store\LibraryWebAPI.Store.csproj", "{FA408724-2B93-414F-A35A-1FDA92FD3AB9}"
EndProject
Project("{9A19103F-16F7-4668-BE54-9A1E7A4F7556}") = "LibraryWebAPI.Client", "LibraryWebAPI.Client\LibraryWebAPI.Client.csproj", "{2CA399DD-9089-4DF8-B16C-18BF51E78277}"
EndProject
Project("{FAE04EC0-301F-11D3-BF4B-00C04F79EFBC}") = "LibraryWebAPI.Store.Tests", "LibraryWebAPI.Store.Tests\LibraryWebAPI.Store.Tests.csproj", "{D3687C9E-2E3C-477D-A821-A9FA7FADDA24}"
EndProject
Global
	GlobalSection(SolutionConfigurationPlatforms) = preSolution
		Debug|Any CPU = Debug|Any CPU
		Release|Any CPU = Release|Any CPU
	EndGlobalSection
	GlobalSection(ProjectConfigurationPlatforms) = postSolution
		{900CCF2A-BD9B-470E-9D4C-B28F0F165EC2}.Debug|Any CPU.ActiveCfg = Debug|Any CPU
		{900CCF2A-BD9B-470E-9D4C-B28F0F165EC2}.Debug|Any CPU.Build.0 = Debug|Any CPU
		{900CCF2A-BD9B-470E-9D4C-B28F0F165EC2}.Release|Any CPU.ActiveCfg = Release|Any CPU
		{900CCF2A-BD9B-470E-9D4C-B28F0F165EC2}.Release|Any CPU.Build.0 = Release|Any CPU
		{135B2E73-53E0-43FD-80F8-0ED8156B665C}.Debug|Any CPU.ActiveCfg = Debug|Any CPU
		{135B2E73-53E0-43FD-80F8-0ED8156B665C}.Debug|Any CPU.Build.0 = Debug|Any CPU
		{135B2E73-53E0-43FD-80F8-0ED8156B665C}.Release|Any CPU.ActiveCfg = Release|Any CPU
		{135B2E73-53E0-43FD-80F8-0ED8156B665C}.Release|Any CPU.Build.0 = Release|Any CPU
		{FA408724-2B93-414F-A35A-1FDA92FD3AB9}.Debug|Any CPU.ActiveCfg = Debug|Any CPU
		{FA408724-2B93-414F-A35A-1FDA92FD3AB9}.Debug|Any CPU.Build.0 = Debug|Any CPU
		{FA408724-2B93-414F-A35A-1FDA92FD3AB9}.Release|Any CPU.ActiveCfg = Release|Any CPU
		{FA408724-2B93-414F-A35A-1FDA92FD3AB9}.Release|Any CPU.Build.0 = Release|Any CPU
		{2CA399DD-9089-4DF8-B16C-18BF51E78277}.Debug|Any CPU.ActiveCfg = Debug|Any CPU
		{2CA399DD-9089-4DF8-B16C-18BF51E78277}.Debug|Any CPU.Build.0 = Debug|Any CPU
		{2CA399DD-9089-4DF8-B16C-18BF51E78277}.Release|Any CPU.ActiveCfg = Release|Any CPU
		{2CA399DD-9089-4DF8-B16C-18BF51E78277}.Release|Any CPU.Build.0 = Release|Any CPU
		{D3687C9E-2E3C-477D-A821-A9FA7FADDA24}.Debug|Any CPU.ActiveCfg = Debug|Any CPU
		{D3687C9E-2E3C-477D-A821-A9FA7FADDA24}.Debug|Any CPU.Build.0 = Debug|Any CPU
		{D3687C9E-2E3C-477D-A821-A9FA7FADDA24}.Release|Any CPU.ActiveCfg = Release|Any CPU
		{D3687C9E-2E3C-477D-A821-A9FA7FADDA24}.Release|Any CPU.Build.0 = Release|Any CPU
	EndGlobalSection
	GlobalSection(SolutionProperties) = preSolution
		HideSolutionNode = FALSE
	EndGlobalSection
	GlobalSection(ExtensibilityGlobals) = postSolution
		SolutionGuid = {3AC73CF2-79FD-462A-A353-7EE10A52F7D4}
	EndGlobalSection
EndGlobal
